{
  "name": "neanthal",
  "version": "0.1.0",
  "lockfileVersion": 1,
  "requires": true,
  "dependencies": {
    "jamo": {
      "version": "0.1.0",
      "resolved": "https://registry.npmjs.org/jamo/-/jamo-0.1.0.tgz",
      "integrity": "sha512-PuCNovMPx/u0HCab9jkyl8AexHwUMQeTrzRiWoXsG4q83DpFmUIro+dhXwcru3DUF3g7RgXSaXumLkytpRAL9Q=="
    }
  }
}
